
Microsoft Visual Studio Solution File, Format Version 12.00
# Visual Studio Version 16
VisualStudioVersion = 16.0.32002.261
MinimumVisualStudioVersion = 10.0.40219.1
Project("{8BC9CEB8-8B4A-11D0-8D11-00A0C91BC942}") = "MD5", "MD5.vcxproj", "{AC49901F-1D3C-4276-AD91-B7B4088B8732}"
EndProject
Global
	GlobalSection(SolutionConfigurationPlatforms) = preSolution
		Debug|x64 = Debug|x64
		Debug|x86 = Debug|x86
		Release|x64 = Release|x64
		Release|x86 = Release|x86
	EndGlobalSection
	GlobalSection(ProjectConfigurationPlatforms) = postSolution
		{AC49901F-1D3C-4276-AD91-B7B4088B8732}.Debug|x64.ActiveCfg = Debug|x64
		{AC49901F-1D3C-4276-AD91-B7B4088B8732}.Debug|x64.Build.0 = Debug|x64
		{AC49901F-1D3C-4276-AD91-B7B4088B8732}.Debug|x86.ActiveCfg = Debug|Win32
		{AC49901F-1D3C-4276-AD91-B7B4088B8732}.Debug|x86.Build.0 = Debug|Win32
		{AC49901F-1D3C-4276-AD91-B7B4088B8732}.Release|x64.ActiveCfg = Release|x64
		{AC49901F-1D3C-4276-AD91-B7B4088B8732}.Release|x64.Build.0 = Release|x64
		{AC49901F-1D3C-4276-AD91-B7B4088B8732}.Release|x86.ActiveCfg = Release|Win32
		{AC49901F-1D3C-4276-AD91-B7B4088B8732}.Release|x86.Build.0 = Release|Win32
	EndGlobalSection
	GlobalSection(SolutionProperties) = preSolution
		HideSolutionNode = FALSE
	EndGlobalSection
	GlobalSection(ExtensibilityGlobals) = postSolution
		SolutionGuid = {4103065C-4E86-4ADE-B988-3D4D7217C66E}
	EndGlobalSection
EndGlobal
